
Microsoft Visual Studio Solution File, Format Version 12.00
# Visual Studio Version 16
VisualStudioVersion = 16.0.30907.101
MinimumVisualStudioVersion = 10.0.40219.1
Project("{FAE04EC0-301F-11D3-BF4B-00C04F79EFBC}") = "FilterUsage", "FilterUsage\FilterUsage.csproj", "{CBCEC642-A0DF-4440-9B40-37F842D2AA69}"
EndProject
Global
	GlobalSection(SolutionConfigurationPlatforms) = preSolution
		Debug|Any CPU = Debug|Any CPU
		Release|Any CPU = Release|Any CPU
	EndGlobalSection
	GlobalSection(ProjectConfigurationPlatforms) = postSolution
		{CBCEC642-A0DF-4440-9B40-37F842D2AA69}.Debug|Any CPU.ActiveCfg = Debug|Any CPU
		{CBCEC642-A0DF-4440-9B40-37F842D2AA69}.Debug|Any CPU.Build.0 = Debug|Any CPU
		{CBCEC642-A0DF-4440-9B40-37F842D2AA69}.Release|Any CPU.ActiveCfg = Release|Any CPU
		{CBCEC642-A0DF-4440-9B40-37F842D2AA69}.Release|Any CPU.Build.0 = Release|Any CPU
	EndGlobalSection
	GlobalSection(SolutionProperties) = preSolution
		HideSolutionNode = FALSE
	EndGlobalSection
	GlobalSection(ExtensibilityGlobals) = postSolution
		SolutionGuid = {2C7FD310-2E95-45BF-B56A-9B6B70812590}
	EndGlobalSection
EndGlobal
